// !$*UTF8*$!
{
	archiveVersion = 1;
	classes = {
	};
	objectVersion = 77;
	objects = {

/* Begin PBXBuildFile section */
		F8804DA62E0639200077D223 /* AudioRecorder.h in Sources */ = {isa = PBXBuildFile; fileRef = F8804DA42E0638AB0077D223 /* AudioRecorder.h */; };
		F8804DA72E0639200077D223 /* AudioRecorder.mm in Sources */ = {isa = PBXBuildFile; fileRef = F8804DA32E06388E0077D223 /* AudioRecorder.mm */; };
		F8804DA82E0639200077D223 /* AudioTapSample-Bridging-Header.h in Sources */ = {isa = PBXBuildFile; fileRef = F8804DA52E0638E60077D223 /* AudioTapSample-Bridging-Header.h */; };
		F8A7DE002E045DAB007EA031 /* whisper.xcframework in Frameworks */ = {isa = PBXBuildFile; fileRef = F8A7DDFF2E045DAB007EA031 /* whisper.xcframework */; };
		F8A7DE012E045DAB007EA031 /* whisper.xcframework in Embed Frameworks */ = {isa = PBXBuildFile; fileRef = F8A7DDFF2E045DAB007EA031 /* whisper.xcframework */; settings = {ATTRIBUTES = (CodeSignOnCopy, RemoveHeadersOnCopy, ); }; };
		F8A7DE0F2E0466BA007EA031 /* LibWhisper.swift in Sources */ = {isa = PBXBuildFile; fileRef = F8A7DE0D2E0466BA007EA031 /* LibWhisper.swift */; };
		F8A7DE202E0467E7007EA031 /* Preview Assets.xcassets in Resources */ = {isa = PBXBuildFile; fileRef = F8A7DE152E0467E7007EA031 /* Preview Assets.xcassets */; };
		F8A7DE212E0467E7007EA031 /* Assets.xcassets in Resources */ = {isa = PBXBuildFile; fileRef = F8A7DE1A2E0467E7007EA031 /* Assets.xcassets */; };
		F8A7DE232E0467E7007EA031 /* Model.swift in Sources */ = {isa = PBXBuildFile; fileRef = F8A7DE122E0467E7007EA031 /* Model.swift */; };
		F8A7DE242E0467E7007EA031 /* WhisperState.swift in Sources */ = {isa = PBXBuildFile; fileRef = F8A7DE132E0467E7007EA031 /* WhisperState.swift */; };
		F8A7DE252E0467E7007EA031 /* Recorder.swift in Sources */ = {isa = PBXBuildFile; fileRef = F8A7DE172E0467E7007EA031 /* Recorder.swift */; };
		F8A7DE262E0467E7007EA031 /* RiffWaveUtils.swift in Sources */ = {isa = PBXBuildFile; fileRef = F8A7DE182E0467E7007EA031 /* RiffWaveUtils.swift */; };
		F8A7DE272E0467E7007EA031 /* ContentView.swift in Sources */ = {isa = PBXBuildFile; fileRef = F8A7DE1B2E0467E7007EA031 /* ContentView.swift */; };
		F8A7DE282E0467E7007EA031 /* pera_appApp.swift in Sources */ = {isa = PBXBuildFile; fileRef = F8A7DE1D2E0467E7007EA031 /* pera_appApp.swift */; };
		F8A7DE2D2E0468FA007EA031 /* ggml-base.bin in Resources */ = {isa = PBXBuildFile; fileRef = F8A7DE292E0467FB007EA031 /* ggml-base.bin */; };
		F8A7DE2E2E0468FF007EA031 /* ggml-base-encoder.mlmodelc in Resources */ = {isa = PBXBuildFile; fileRef = F8A7DE2A2E0467FB007EA031 /* ggml-base-encoder.mlmodelc */; };
		F8A7DE312E048A03007EA031 /* Capturer.swift in Sources */ = {isa = PBXBuildFile; fileRef = F8A7DE302E0489D9007EA031 /* Capturer.swift */; };
		F8A7DE332E04C6CF007EA031 /* SystemUtils.swift in Sources */ = {isa = PBXBuildFile; fileRef = F8A7DE322E04C6CD007EA031 /* SystemUtils.swift */; };
		F8A7DE352E04D560007EA031 /* CoreAudioUtils.swift in Sources */ = {isa = PBXBuildFile; fileRef = F8A7DE342E04D560007EA031 /* CoreAudioUtils.swift */; };
		F8A7DE372E06263F007EA031 /* SpeechRecognizer.swift in Sources */ = {isa = PBXBuildFile; fileRef = F8A7DE362E06263C007EA031 /* SpeechRecognizer.swift */; };
/* End PBXBuildFile section */

/* Begin PBXCopyFilesBuildPhase section */
		F8A7DE022E045DAB007EA031 /* Embed Frameworks */ = {
			isa = PBXCopyFilesBuildPhase;
			buildActionMask = 2147483647;
			dstPath = "";
			dstSubfolderSpec = 10;
			files = (
				F8A7DE012E045DAB007EA031 /* whisper.xcframework in Embed Frameworks */,
			);
			name = "Embed Frameworks";
			runOnlyForDeploymentPostprocessing = 0;
		};
/* End PBXCopyFilesBuildPhase section */

/* Begin PBXFileReference section */
		F8804DA32E06388E0077D223 /* AudioRecorder.mm */ = {isa = PBXFileReference; lastKnownFileType = sourcecode.cpp.objcpp; path = AudioRecorder.mm; sourceTree = "<group>"; };
		F8804DA42E0638AB0077D223 /* AudioRecorder.h */ = {isa = PBXFileReference; lastKnownFileType = sourcecode.c.h; path = AudioRecorder.h; sourceTree = "<group>"; };
		F8804DA52E0638E60077D223 /* AudioTapSample-Bridging-Header.h */ = {isa = PBXFileReference; lastKnownFileType = sourcecode.c.h; path = "AudioTapSample-Bridging-Header.h"; sourceTree = "<group>"; };
		F8A7DDEC2E045353007EA031 /* pera-app.app */ = {isa = PBXFileReference; explicitFileType = wrapper.application; includeInIndex = 0; path = "pera-app.app"; sourceTree = BUILT_PRODUCTS_DIR; };
		F8A7DDFF2E045DAB007EA031 /* whisper.xcframework */ = {isa = PBXFileReference; lastKnownFileType = wrapper.xcframework; name = whisper.xcframework; path = "../whisper.cpp/build-apple/whisper.xcframework"; sourceTree = "<group>"; };
		F8A7DE0D2E0466BA007EA031 /* LibWhisper.swift */ = {isa = PBXFileReference; lastKnownFileType = sourcecode.swift; path = LibWhisper.swift; sourceTree = "<group>"; };
		F8A7DE122E0467E7007EA031 /* Model.swift */ = {isa = PBXFileReference; lastKnownFileType = sourcecode.swift; path = Model.swift; sourceTree = "<group>"; };
		F8A7DE132E0467E7007EA031 /* WhisperState.swift */ = {isa = PBXFileReference; lastKnownFileType = sourcecode.swift; path = WhisperState.swift; sourceTree = "<group>"; };
		F8A7DE152E0467E7007EA031 /* Preview Assets.xcassets */ = {isa = PBXFileReference; lastKnownFileType = folder.assetcatalog; path = "Preview Assets.xcassets"; sourceTree = "<group>"; };
		F8A7DE172E0467E7007EA031 /* Recorder.swift */ = {isa = PBXFileReference; lastKnownFileType = sourcecode.swift; path = Recorder.swift; sourceTree = "<group>"; };
		F8A7DE182E0467E7007EA031 /* RiffWaveUtils.swift */ = {isa = PBXFileReference; lastKnownFileType = sourcecode.swift; path = RiffWaveUtils.swift; sourceTree = "<group>"; };
		F8A7DE1A2E0467E7007EA031 /* Assets.xcassets */ = {isa = PBXFileReference; lastKnownFileType = folder.assetcatalog; path = Assets.xcassets; sourceTree = "<group>"; };
		F8A7DE1B2E0467E7007EA031 /* ContentView.swift */ = {isa = PBXFileReference; lastKnownFileType = sourcecode.swift; path = ContentView.swift; sourceTree = "<group>"; };
		F8A7DE1C2E0467E7007EA031 /* pera_app.entitlements */ = {isa = PBXFileReference; lastKnownFileType = text.plist.entitlements; path = pera_app.entitlements; sourceTree = "<group>"; };
		F8A7DE1D2E0467E7007EA031 /* pera_appApp.swift */ = {isa = PBXFileReference; lastKnownFileType = sourcecode.swift; path = pera_appApp.swift; sourceTree = "<group>"; };
		F8A7DE292E0467FB007EA031 /* ggml-base.bin */ = {isa = PBXFileReference; lastKnownFileType = archive.macbinary; path = "ggml-base.bin"; sourceTree = "<group>"; };
		F8A7DE2A2E0467FB007EA031 /* ggml-base-encoder.mlmodelc */ = {isa = PBXFileReference; lastKnownFileType = wrapper; path = "ggml-base-encoder.mlmodelc"; sourceTree = "<group>"; };
		F8A7DE2F2E046E8D007EA031 /* Info.plist */ = {isa = PBXFileReference; lastKnownFileType = text.plist; path = Info.plist; sourceTree = "<group>"; };
		F8A7DE302E0489D9007EA031 /* Capturer.swift */ = {isa = PBXFileReference; lastKnownFileType = sourcecode.swift; path = Capturer.swift; sourceTree = "<group>"; };
		F8A7DE322E04C6CD007EA031 /* SystemUtils.swift */ = {isa = PBXFileReference; lastKnownFileType = sourcecode.swift; path = SystemUtils.swift; sourceTree = "<group>"; };
		F8A7DE342E04D560007EA031 /* CoreAudioUtils.swift */ = {isa = PBXFileReference; lastKnownFileType = sourcecode.swift; path = CoreAudioUtils.swift; sourceTree = "<group>"; };
		F8A7DE362E06263C007EA031 /* SpeechRecognizer.swift */ = {isa = PBXFileReference; lastKnownFileType = sourcecode.swift; path = SpeechRecognizer.swift; sourceTree = "<group>"; };
/* End PBXFileReference section */

/* Begin PBXFrameworksBuildPhase section */
		F8A7DDE92E045353007EA031 /* Frameworks */ = {
			isa = PBXFrameworksBuildPhase;
			buildActionMask = 2147483647;
			files = (
				F8A7DE002E045DAB007EA031 /* whisper.xcframework in Frameworks */,
			);
			runOnlyForDeploymentPostprocessing = 0;
		};
/* End PBXFrameworksBuildPhase section */

/* Begin PBXGroup section */
		F8A7DDE32E045353007EA031 = {
			isa = PBXGroup;
			children = (
				F8A7DE0E2E0466BA007EA031 /* whisper.cpp.swift */,
				F8A7DE1F2E0467E7007EA031 /* pera-app */,
				F8A7DDFE2E045DAB007EA031 /* Frameworks */,
				F8A7DDED2E045353007EA031 /* Products */,
			);
			sourceTree = "<group>";
		};
		F8A7DDED2E045353007EA031 /* Products */ = {
			isa = PBXGroup;
			children = (
				F8A7DDEC2E045353007EA031 /* pera-app.app */,
			);
			name = Products;
			sourceTree = "<group>";
		};
		F8A7DDFE2E045DAB007EA031 /* Frameworks */ = {
			isa = PBXGroup;
			children = (
				F8A7DDFF2E045DAB007EA031 /* whisper.xcframework */,
			);
			name = Frameworks;
			sourceTree = "<group>";
		};
		F8A7DE0E2E0466BA007EA031 /* whisper.cpp.swift */ = {
			isa = PBXGroup;
			children = (
				F8A7DE0D2E0466BA007EA031 /* LibWhisper.swift */,
			);
			path = whisper.cpp.swift;
			sourceTree = "<group>";
		};
		F8A7DE142E0467E7007EA031 /* Models */ = {
			isa = PBXGroup;
			children = (
				F8A7DE122E0467E7007EA031 /* Model.swift */,
				F8A7DE132E0467E7007EA031 /* WhisperState.swift */,
			);
			path = Models;
			sourceTree = "<group>";
		};
		F8A7DE162E0467E7007EA031 /* Preview Content */ = {
			isa = PBXGroup;
			children = (
				F8A7DE152E0467E7007EA031 /* Preview Assets.xcassets */,
			);
			path = "Preview Content";
			sourceTree = "<group>";
		};
		F8A7DE192E0467E7007EA031 /* Utils */ = {
			isa = PBXGroup;
			children = (
				F8804DA42E0638AB0077D223 /* AudioRecorder.h */,
				F8804DA32E06388E0077D223 /* AudioRecorder.mm */,
				F8804DA52E0638E60077D223 /* AudioTapSample-Bridging-Header.h */,
				F8A7DE362E06263C007EA031 /* SpeechRecognizer.swift */,
				F8A7DE322E04C6CD007EA031 /* SystemUtils.swift */,
				F8A7DE342E04D560007EA031 /* CoreAudioUtils.swift */,
				F8A7DE302E0489D9007EA031 /* Capturer.swift */,
				F8A7DE172E0467E7007EA031 /* Recorder.swift */,
				F8A7DE182E0467E7007EA031 /* RiffWaveUtils.swift */,
			);
			path = Utils;
			sourceTree = "<group>";
		};
		F8A7DE1F2E0467E7007EA031 /* pera-app */ = {
			isa = PBXGroup;
			children = (
				F8A7DE2F2E046E8D007EA031 /* Info.plist */,
				F8A7DE2C2E0467FB007EA031 /* Resources */,
				F8A7DE142E0467E7007EA031 /* Models */,
				F8A7DE162E0467E7007EA031 /* Preview Content */,
				F8A7DE192E0467E7007EA031 /* Utils */,
				F8A7DE1A2E0467E7007EA031 /* Assets.xcassets */,
				F8A7DE1B2E0467E7007EA031 /* ContentView.swift */,
				F8A7DE1C2E0467E7007EA031 /* pera_app.entitlements */,
				F8A7DE1D2E0467E7007EA031 /* pera_appApp.swift */,
			);
			path = "pera-app";
			sourceTree = "<group>";
		};
		F8A7DE2C2E0467FB007EA031 /* Resources */ = {
			isa = PBXGroup;
			children = (
				F8A7DE292E0467FB007EA031 /* ggml-base.bin */,
				F8A7DE2A2E0467FB007EA031 /* ggml-base-encoder.mlmodelc */,
			);
			path = Resources;
			sourceTree = "<group>";
		};
/* End PBXGroup section */

/* Begin PBXNativeTarget section */
		F8A7DDEB2E045353007EA031 /* pera-app */ = {
			isa = PBXNativeTarget;
			buildConfigurationList = F8A7DDFB2E045354007EA031 /* Build configuration list for PBXNativeTarget "pera-app" */;
			buildPhases = (
				F8A7DDE82E045353007EA031 /* Sources */,
				F8A7DDE92E045353007EA031 /* Frameworks */,
				F8A7DDEA2E045353007EA031 /* Resources */,
				F8A7DE022E045DAB007EA031 /* Embed Frameworks */,
			);
			buildRules = (
			);
			dependencies = (
			);
			name = "pera-app";
			packageProductDependencies = (
			);
			productName = "pera-app";
			productReference = F8A7DDEC2E045353007EA031 /* pera-app.app */;
			productType = "com.apple.product-type.application";
		};
/* End PBXNativeTarget section */

/* Begin PBXProject section */
		F8A7DDE42E045353007EA031 /* Project object */ = {
			isa = PBXProject;
			attributes = {
				BuildIndependentTargetsInParallel = 1;
				LastSwiftUpdateCheck = 1620;
				LastUpgradeCheck = 1620;
				TargetAttributes = {
					F8A7DDEB2E045353007EA031 = {
						CreatedOnToolsVersion = 16.2;
						LastSwiftMigration = 1620;
					};
				};
			};
			buildConfigurationList = F8A7DDE72E045353007EA031 /* Build configuration list for PBXProject "pera-app" */;
			developmentRegion = en;
			hasScannedForEncodings = 0;
			knownRegions = (
				en,
				Base,
			);
			mainGroup = F8A7DDE32E045353007EA031;
			minimizedProjectReferenceProxies = 1;
			preferredProjectObjectVersion = 77;
			productRefGroup = F8A7DDED2E045353007EA031 /* Products */;
			projectDirPath = "";
			projectRoot = "";
			targets = (
				F8A7DDEB2E045353007EA031 /* pera-app */,
			);
		};
/* End PBXProject section */

/* Begin PBXResourcesBuildPhase section */
		F8A7DDEA2E045353007EA031 /* Resources */ = {
			isa = PBXResourcesBuildPhase;
			buildActionMask = 2147483647;
			files = (
				F8A7DE202E0467E7007EA031 /* Preview Assets.xcassets in Resources */,
				F8A7DE2E2E0468FF007EA031 /* ggml-base-encoder.mlmodelc in Resources */,
				F8A7DE212E0467E7007EA031 /* Assets.xcassets in Resources */,
				F8A7DE2D2E0468FA007EA031 /* ggml-base.bin in Resources */,
			);
			runOnlyForDeploymentPostprocessing = 0;
		};
/* End PBXResourcesBuildPhase section */

/* Begin PBXSourcesBuildPhase section */
		F8A7DDE82E045353007EA031 /* Sources */ = {
			isa = PBXSourcesBuildPhase;
			buildActionMask = 2147483647;
			files = (
				F8804DA62E0639200077D223 /* AudioRecorder.h in Sources */,
				F8804DA72E0639200077D223 /* AudioRecorder.mm in Sources */,
				F8804DA82E0639200077D223 /* AudioTapSample-Bridging-Header.h in Sources */,
				F8A7DE232E0467E7007EA031 /* Model.swift in Sources */,
				F8A7DE242E0467E7007EA031 /* WhisperState.swift in Sources */,
				F8A7DE372E06263F007EA031 /* SpeechRecognizer.swift in Sources */,
				F8A7DE332E04C6CF007EA031 /* SystemUtils.swift in Sources */,
				F8A7DE352E04D560007EA031 /* CoreAudioUtils.swift in Sources */,
				F8A7DE312E048A03007EA031 /* Capturer.swift in Sources */,
				F8A7DE252E0467E7007EA031 /* Recorder.swift in Sources */,
				F8A7DE262E0467E7007EA031 /* RiffWaveUtils.swift in Sources */,
				F8A7DE272E0467E7007EA031 /* ContentView.swift in Sources */,
				F8A7DE282E0467E7007EA031 /* pera_appApp.swift in Sources */,
				F8A7DE0F2E0466BA007EA031 /* LibWhisper.swift in Sources */,
			);
			runOnlyForDeploymentPostprocessing = 0;
		};
/* End PBXSourcesBuildPhase section */

/* Begin XCBuildConfiguration section */
		F8A7DDF92E045354007EA031 /* Debug */ = {
			isa = XCBuildConfiguration;
			buildSettings = {
				ALWAYS_SEARCH_USER_PATHS = NO;
				ASSETCATALOG_COMPILER_GENERATE_SWIFT_ASSET_SYMBOL_EXTENSIONS = YES;
				CLANG_ANALYZER_NONNULL = YES;
				CLANG_ANALYZER_NUMBER_OBJECT_CONVERSION = YES_AGGRESSIVE;
				CLANG_CXX_LANGUAGE_STANDARD = "gnu++20";
				CLANG_ENABLE_MODULES = YES;
				CLANG_ENABLE_OBJC_ARC = YES;
				CLANG_ENABLE_OBJC_WEAK = YES;
				CLANG_WARN_BLOCK_CAPTURE_AUTORELEASING = YES;
				CLANG_WARN_BOOL_CONVERSION = YES;
				CLANG_WARN_COMMA = YES;
				CLANG_WARN_CONSTANT_CONVERSION = YES;
				CLANG_WARN_DEPRECATED_OBJC_IMPLEMENTATIONS = YES;
				CLANG_WARN_DIRECT_OBJC_ISA_USAGE = YES_ERROR;
				CLANG_WARN_DOCUMENTATION_COMMENTS = YES;
				CLANG_WARN_EMPTY_BODY = YES;
				CLANG_WARN_ENUM_CONVERSION = YES;
				CLANG_WARN_INFINITE_RECURSION = YES;
				CLANG_WARN_INT_CONVERSION = YES;
				CLANG_WARN_NON_LITERAL_NULL_CONVERSION = YES;
				CLANG_WARN_OBJC_IMPLICIT_RETAIN_SELF = YES;
				CLANG_WARN_OBJC_LITERAL_CONVERSION = YES;
				CLANG_WARN_OBJC_ROOT_CLASS = YES_ERROR;
				CLANG_WARN_QUOTED_INCLUDE_IN_FRAMEWORK_HEADER = YES;
				CLANG_WARN_RANGE_LOOP_ANALYSIS = YES;
				CLANG_WARN_STRICT_PROTOTYPES = YES;
				CLANG_WARN_SUSPICIOUS_MOVE = YES;
				CLANG_WARN_UNGUARDED_AVAILABILITY = YES_AGGRESSIVE;
				CLANG_WARN_UNREACHABLE_CODE = YES;
				CLANG_WARN__DUPLICATE_METHOD_MATCH = YES;
				COPY_PHASE_STRIP = NO;
				DEBUG_INFORMATION_FORMAT = dwarf;
				ENABLE_STRICT_OBJC_MSGSEND = YES;
				ENABLE_TESTABILITY = YES;
				ENABLE_USER_SCRIPT_SANDBOXING = YES;
				GCC_C_LANGUAGE_STANDARD = gnu17;
				GCC_DYNAMIC_NO_PIC = NO;
				GCC_NO_COMMON_BLOCKS = YES;
				GCC_OPTIMIZATION_LEVEL = 0;
				GCC_PREPROCESSOR_DEFINITIONS = (
					"DEBUG=1",
					"$(inherited)",
				);
				GCC_WARN_64_TO_32_BIT_CONVERSION = YES;
				GCC_WARN_ABOUT_RETURN_TYPE = YES_ERROR;
				GCC_WARN_UNDECLARED_SELECTOR = YES;
				GCC_WARN_UNINITIALIZED_AUTOS = YES_AGGRESSIVE;
				GCC_WARN_UNUSED_FUNCTION = YES;
				GCC_WARN_UNUSED_VARIABLE = YES;
				LOCALIZATION_PREFERS_STRING_CATALOGS = YES;
				MACOSX_DEPLOYMENT_TARGET = 15.2;
				MTL_ENABLE_DEBUG_INFO = INCLUDE_SOURCE;
				MTL_FAST_MATH = YES;
				ONLY_ACTIVE_ARCH = YES;
				SDKROOT = macosx;
				SWIFT_ACTIVE_COMPILATION_CONDITIONS = "DEBUG $(inherited)";
				SWIFT_OBJC_BRIDGING_HEADER = "pera-app/Utils/AudioTapSample-Bridging-Header.h";
				SWIFT_OPTIMIZATION_LEVEL = "-Onone";
			};
			name = Debug;
		};
		F8A7DDFA2E045354007EA031 /* Release */ = {
			isa = XCBuildConfiguration;
			buildSettings = {
				ALWAYS_SEARCH_USER_PATHS = NO;
				ASSETCATALOG_COMPILER_GENERATE_SWIFT_ASSET_SYMBOL_EXTENSIONS = YES;
				CLANG_ANALYZER_NONNULL = YES;
				CLANG_ANALYZER_NUMBER_OBJECT_CONVERSION = YES_AGGRESSIVE;
				CLANG_CXX_LANGUAGE_STANDARD = "gnu++20";
				CLANG_ENABLE_MODULES = YES;
				CLANG_ENABLE_OBJC_ARC = YES;
				CLANG_ENABLE_OBJC_WEAK = YES;
				CLANG_WARN_BLOCK_CAPTURE_AUTORELEASING = YES;
				CLANG_WARN_BOOL_CONVERSION = YES;
				CLANG_WARN_COMMA = YES;
				CLANG_WARN_CONSTANT_CONVERSION = YES;
				CLANG_WARN_DEPRECATED_OBJC_IMPLEMENTATIONS = YES;
				CLANG_WARN_DIRECT_OBJC_ISA_USAGE = YES_ERROR;
				CLANG_WARN_DOCUMENTATION_COMMENTS = YES;
				CLANG_WARN_EMPTY_BODY = YES;
				CLANG_WARN_ENUM_CONVERSION = YES;
				CLANG_WARN_INFINITE_RECURSION = YES;
				CLANG_WARN_INT_CONVERSION = YES;
				CLANG_WARN_NON_LITERAL_NULL_CONVERSION = YES;
				CLANG_WARN_OBJC_IMPLICIT_RETAIN_SELF = YES;
				CLANG_WARN_OBJC_LITERAL_CONVERSION = YES;
				CLANG_WARN_OBJC_ROOT_CLASS = YES_ERROR;
				CLANG_WARN_QUOTED_INCLUDE_IN_FRAMEWORK_HEADER = YES;
				CLANG_WARN_RANGE_LOOP_ANALYSIS = YES;
				CLANG_WARN_STRICT_PROTOTYPES = YES;
				CLANG_WARN_SUSPICIOUS_MOVE = YES;
				CLANG_WARN_UNGUARDED_AVAILABILITY = YES_AGGRESSIVE;
				CLANG_WARN_UNREACHABLE_CODE = YES;
				CLANG_WARN__DUPLICATE_METHOD_MATCH = YES;
				COPY_PHASE_STRIP = NO;
				DEBUG_INFORMATION_FORMAT = "dwarf-with-dsym";
				ENABLE_NS_ASSERTIONS = NO;
				ENABLE_STRICT_OBJC_MSGSEND = YES;
				ENABLE_USER_SCRIPT_SANDBOXING = YES;
				GCC_C_LANGUAGE_STANDARD = gnu17;
				GCC_NO_COMMON_BLOCKS = YES;
				GCC_WARN_64_TO_32_BIT_CONVERSION = YES;
				GCC_WARN_ABOUT_RETURN_TYPE = YES_ERROR;
				GCC_WARN_UNDECLARED_SELECTOR = YES;
				GCC_WARN_UNINITIALIZED_AUTOS = YES_AGGRESSIVE;
				GCC_WARN_UNUSED_FUNCTION = YES;
				GCC_WARN_UNUSED_VARIABLE = YES;
				LOCALIZATION_PREFERS_STRING_CATALOGS = YES;
				MACOSX_DEPLOYMENT_TARGET = 15.2;
				MTL_ENABLE_DEBUG_INFO = NO;
				MTL_FAST_MATH = YES;
				SDKROOT = macosx;
				SWIFT_COMPILATION_MODE = wholemodule;
				SWIFT_OBJC_BRIDGING_HEADER = "pera-app/Utils/AudioTapSample-Bridging-Header.h";
			};
			name = Release;
		};
		F8A7DDFC2E045354007EA031 /* Debug */ = {
			isa = XCBuildConfiguration;
			buildSettings = {
				ASSETCATALOG_COMPILER_APPICON_NAME = AppIcon;
				ASSETCATALOG_COMPILER_GLOBAL_ACCENT_COLOR_NAME = AccentColor;
				CLANG_ENABLE_MODULES = YES;
				CODE_SIGN_ENTITLEMENTS = "pera-app/pera_app.entitlements";
				CODE_SIGN_STYLE = Automatic;
				COMBINE_HIDPI_IMAGES = YES;
				CURRENT_PROJECT_VERSION = 1;
				DEVELOPMENT_ASSET_PATHS = "\"pera-app/Preview Content\"";
				DEVELOPMENT_TEAM = LHX53K995C;
				ENABLE_HARDENED_RUNTIME = YES;
				ENABLE_PREVIEWS = YES;
				GENERATE_INFOPLIST_FILE = YES;
				INFOPLIST_FILE = "pera-app/Info.plist";
				INFOPLIST_KEY_NSHumanReadableCopyright = "";
				INFOPLIST_KEY_NSMicrophoneUsageDescription = "\"This app records audio to transcribe speech.\"";
				INFOPLIST_KEY_NSSpeechRecognitionUsageDescription = "\"This app uses NSAudioCapture sound for speech recognition.\"";
				LD_RUNPATH_SEARCH_PATHS = (
					"$(inherited)",
					"@executable_path/../Frameworks",
				);
				MARKETING_VERSION = 1.0;
				PRODUCT_BUNDLE_IDENTIFIER = "pera.pera-app";
				PRODUCT_NAME = "$(TARGET_NAME)";
				SWIFT_EMIT_LOC_STRINGS = YES;
				SWIFT_OBJC_BRIDGING_HEADER = "pera-app/Utils/AudioTapSample-Bridging-Header.h";
				SWIFT_OPTIMIZATION_LEVEL = "-Onone";
				SWIFT_VERSION = 5.0;
			};
			name = Debug;
		};
		F8A7DDFD2E045354007EA031 /* Release */ = {
			isa = XCBuildConfiguration;
			buildSettings = {
				ASSETCATALOG_COMPILER_APPICON_NAME = AppIcon;
				ASSETCATALOG_COMPILER_GLOBAL_ACCENT_COLOR_NAME = AccentColor;
				CLANG_ENABLE_MODULES = YES;
				CODE_SIGN_ENTITLEMENTS = "pera-app/pera_app.entitlements";
				CODE_SIGN_STYLE = Automatic;
				COMBINE_HIDPI_IMAGES = YES;
				CURRENT_PROJECT_VERSION = 1;
				DEVELOPMENT_ASSET_PATHS = "\"pera-app/Preview Content\"";
				DEVELOPMENT_TEAM = LHX53K995C;
				ENABLE_HARDENED_RUNTIME = YES;
				ENABLE_PREVIEWS = YES;
				GENERATE_INFOPLIST_FILE = YES;
				INFOPLIST_FILE = "pera-app/Info.plist";
				INFOPLIST_KEY_NSHumanReadableCopyright = "";
				INFOPLIST_KEY_NSMicrophoneUsageDescription = "\"This app records audio to transcribe speech.\"";
				INFOPLIST_KEY_NSSpeechRecognitionUsageDescription = "\"This app uses NSAudioCapture sound for speech recognition.\"";
				LD_RUNPATH_SEARCH_PATHS = (
					"$(inherited)",
					"@executable_path/../Frameworks",
				);
				MARKETING_VERSION = 1.0;
				PRODUCT_BUNDLE_IDENTIFIER = "pera.pera-app";
				PRODUCT_NAME = "$(TARGET_NAME)";
				SWIFT_EMIT_LOC_STRINGS = YES;
				SWIFT_OBJC_BRIDGING_HEADER = "pera-app/Utils/AudioTapSample-Bridging-Header.h";
				SWIFT_VERSION = 5.0;
			};
			name = Release;
		};
/* End XCBuildConfiguration section */

/* Begin XCConfigurationList section */
		F8A7DDE72E045353007EA031 /* Build configuration list for PBXProject "pera-app" */ = {
			isa = XCConfigurationList;
			buildConfigurations = (
				F8A7DDF92E045354007EA031 /* Debug */,
				F8A7DDFA2E045354007EA031 /* Release */,
			);
			defaultConfigurationIsVisible = 0;
			defaultConfigurationName = Release;
		};
		F8A7DDFB2E045354007EA031 /* Build configuration list for PBXNativeTarget "pera-app" */ = {
			isa = XCConfigurationList;
			buildConfigurations = (
				F8A7DDFC2E045354007EA031 /* Debug */,
				F8A7DDFD2E045354007EA031 /* Release */,
			);
			defaultConfigurationIsVisible = 0;
			defaultConfigurationName = Release;
		};
/* End XCConfigurationList section */
	};
	rootObject = F8A7DDE42E045353007EA031 /* Project object */;
}
